
Microsoft Visual Studio Solution File, Format Version 12.00
# Visual Studio Version 16
VisualStudioVersion = 16.0.31829.152
MinimumVisualStudioVersion = 10.0.40219.1
Project("{FAE04EC0-301F-11D3-BF4B-00C04F79EFBC}") = "EmpPayrollMultiThreading", "EmpPayrollMultiThreading\EmpPayrollMultiThreading.csproj", "{9C29D698-6BE2-4855-8863-E8F24B099ADC}"
EndProject
Project("{FAE04EC0-301F-11D3-BF4B-00C04F79EFBC}") = "EmpPayrollTest", "EmpPayrollTest\EmpPayrollTest.csproj", "{736A696D-2EF7-4808-9657-39CCA32CA4B6}"
EndProject
Global
	GlobalSection(SolutionConfigurationPlatforms) = preSolution
		Debug|Any CPU = Debug|Any CPU
		Release|Any CPU = Release|Any CPU
	EndGlobalSection
	GlobalSection(ProjectConfigurationPlatforms) = postSolution
		{9C29D698-6BE2-4855-8863-E8F24B099ADC}.Debug|Any CPU.ActiveCfg = Debug|Any CPU
		{9C29D698-6BE2-4855-8863-E8F24B099ADC}.Debug|Any CPU.Build.0 = Debug|Any CPU
		{9C29D698-6BE2-4855-8863-E8F24B099ADC}.Release|Any CPU.ActiveCfg = Release|Any CPU
		{9C29D698-6BE2-4855-8863-E8F24B099ADC}.Release|Any CPU.Build.0 = Release|Any CPU
		{736A696D-2EF7-4808-9657-39CCA32CA4B6}.Debug|Any CPU.ActiveCfg = Debug|Any CPU
		{736A696D-2EF7-4808-9657-39CCA32CA4B6}.Debug|Any CPU.Build.0 = Debug|Any CPU
		{736A696D-2EF7-4808-9657-39CCA32CA4B6}.Release|Any CPU.ActiveCfg = Release|Any CPU
		{736A696D-2EF7-4808-9657-39CCA32CA4B6}.Release|Any CPU.Build.0 = Release|Any CPU
	EndGlobalSection
	GlobalSection(SolutionProperties) = preSolution
		HideSolutionNode = FALSE
	EndGlobalSection
	GlobalSection(ExtensibilityGlobals) = postSolution
		SolutionGuid = {45FBC909-0D10-4EB9-A394-8DDE841742E5}
	EndGlobalSection
EndGlobal
